// !$*UTF8*$!
{
	archiveVersion = 1;
	classes = {
	};
	objectVersion = 77;
	objects = {

/* Begin PBXBuildFile section */
		331CB0772EBBCAE300BE3F63 /* WeatherKitService in Frameworks */ = {isa = PBXBuildFile; productRef = 331CB0762EBBCAE300BE3F63 /* WeatherKitService */; };
		334AFAF22EB4AA0000BDBE9F /* Models in Frameworks */ = {isa = PBXBuildFile; productRef = 334AFAF12EB4AA0000BDBE9F /* Models */; };
		335FDEDC2F18BAFF006B1906 /* PersistencesService in Frameworks */ = {isa = PBXBuildFile; productRef = 335FDEDB2F18BAFF006B1906 /* PersistencesService */; };
		3394D2C32EAC74C700A46A16 /* CommonFoundation in Frameworks */ = {isa = PBXBuildFile; productRef = 3394D2C22EAC74C700A46A16 /* CommonFoundation */; };
		339637502EA4F89B00640DBF /* ComposableArchitecture in Frameworks */ = {isa = PBXBuildFile; productRef = 33TCA0022EA1600000000002 /* ComposableArchitecture */; };
		339DA1592EB684610013B0E2 /* HealthKitService in Frameworks */ = {isa = PBXBuildFile; productRef = 339DA1582EB684610013B0E2 /* HealthKitService */; };
		33A0F11E2F00000000000002 /* AuthService in Frameworks */ = {isa = PBXBuildFile; productRef = 33A0F11E2F00000000000003 /* AuthService */; };
		33FF0E1D2EBA05AA00BCD17A /* DependencyProxy in Frameworks */ = {isa = PBXBuildFile; productRef = 33FF0E1C2EBA05AA00BCD17A /* DependencyProxy */; };
		33SEC0RE2F00000000000002 /* SecureStorage in Frameworks */ = {isa = PBXBuildFile; productRef = 33SEC0RE2F00000000000003 /* SecureStorage */; };
		33SNAP001F00000000000001 /* SnapshotTesting in Frameworks */ = {isa = PBXBuildFile; productRef = 33SNAP002F00000000000002 /* SnapshotTesting */; };
/* End PBXBuildFile section */

/* Begin PBXContainerItemProxy section */
		3317C6182EA774D900525269 /* PBXContainerItemProxy */ = {
			isa = PBXContainerItemProxy;
			containerPortal = 3344D6012E81CD5B00982E36 /* Project object */;
			proxyType = 1;
			remoteGlobalIDString = 3344D6082E81CD5B00982E36;
			remoteInfo = RunDiary;
		};
/* End PBXContainerItemProxy section */

/* Begin PBXFileReference section */
		3317C6142EA774D900525269 /* RunDiaryTests.xctest */ = {isa = PBXFileReference; explicitFileType = wrapper.cfbundle; includeInIndex = 0; path = RunDiaryTests.xctest; sourceTree = BUILT_PRODUCTS_DIR; };
		331CB0752EBBC93600BE3F63 /* WeatherKitService */ = {isa = PBXFileReference; lastKnownFileType = wrapper; name = WeatherKitService; path = Dependencies/WeatherKitService; sourceTree = "<group>"; };
		3344D6092E81CD5B00982E36 /* RunDiary.app */ = {isa = PBXFileReference; explicitFileType = wrapper.application; includeInIndex = 0; path = RunDiary.app; sourceTree = BUILT_PRODUCTS_DIR; };
		334AFAF02EB4A9F700BDBE9F /* Models */ = {isa = PBXFileReference; lastKnownFileType = wrapper; name = Models; path = Dependencies/Models; sourceTree = "<group>"; };
		335FDEDA2F18BA4A006B1906 /* PersistencesService */ = {isa = PBXFileReference; lastKnownFileType = wrapper; name = PersistencesService; path = Dependencies/PersistencesService; sourceTree = "<group>"; };
		3394D2472EAC74A300A46A16 /* CommonFoundation */ = {isa = PBXFileReference; lastKnownFileType = wrapper; name = CommonFoundation; path = Dependencies/CommonFoundation; sourceTree = "<group>"; };
		339DA1572EB684340013B0E2 /* HealthKitService */ = {isa = PBXFileReference; lastKnownFileType = wrapper; name = HealthKitService; path = Dependencies/HealthKitService; sourceTree = "<group>"; };
		33A0F11E2F00000000000001 /* AuthService */ = {isa = PBXFileReference; lastKnownFileType = wrapper; name = AuthService; path = Dependencies/AuthService; sourceTree = "<group>"; };
		33B0581A2EB9FF3B00C68BFF /* DependencyProxy */ = {isa = PBXFileReference; lastKnownFileType = wrapper; name = DependencyProxy; path = Dependencies/DependencyProxy; sourceTree = "<group>"; };
		33C0F19E2F00000000000C01 /* Secrets.xcconfig */ = {isa = PBXFileReference; lastKnownFileType = text.xcconfig; name = Secrets.xcconfig; path = Config/Secrets.xcconfig; sourceTree = "<group>"; };
		33SEC0RE2F00000000000001 /* SecureStorage */ = {isa = PBXFileReference; lastKnownFileType = wrapper; name = SecureStorage; path = Dependencies/SecureStorage; sourceTree = "<group>"; };
/* End PBXFileReference section */

/* Begin PBXFileSystemSynchronizedBuildFileExceptionSet section */
		33INFOPLIST2E9D05250027F8B1 /* Exceptions for "RunDiary" folder in "RunDiary" target */ = {
			isa = PBXFileSystemSynchronizedBuildFileExceptionSet;
			membershipExceptions = (
				Sources/SupportingFiles/Info.plist,
			);
			target = 3344D6082E81CD5B00982E36 /* RunDiary */;
		};
/* End PBXFileSystemSynchronizedBuildFileExceptionSet section */

/* Begin PBXFileSystemSynchronizedRootGroup section */
		3317C6152EA774D900525269 /* RunDiaryTests */ = {
			isa = PBXFileSystemSynchronizedRootGroup;
			path = RunDiaryTests;
			sourceTree = "<group>";
		};
		3367BB422E9D05250027F8B1 /* RunDiary */ = {
			isa = PBXFileSystemSynchronizedRootGroup;
			exceptions = (
				33INFOPLIST2E9D05250027F8B1 /* Exceptions for "RunDiary" folder in "RunDiary" target */,
			);
			path = RunDiary;
			sourceTree = "<group>";
		};
/* End PBXFileSystemSynchronizedRootGroup section */

/* Begin PBXFrameworksBuildPhase section */
		3317C6112EA774D900525269 /* Frameworks */ = {
			isa = PBXFrameworksBuildPhase;
			buildActionMask = 2147483647;
			files = (
				33SNAP001F00000000000001 /* SnapshotTesting in Frameworks */,
			);
			runOnlyForDeploymentPostprocessing = 0;
		};
		3344D6062E81CD5B00982E36 /* Frameworks */ = {
			isa = PBXFrameworksBuildPhase;
			buildActionMask = 2147483647;
			files = (
				33A0F11E2F00000000000002 /* AuthService in Frameworks */,
				33SEC0RE2F00000000000002 /* SecureStorage in Frameworks */,
				331CB0772EBBCAE300BE3F63 /* WeatherKitService in Frameworks */,
				33FF0E1D2EBA05AA00BCD17A /* DependencyProxy in Frameworks */,
				334AFAF22EB4AA0000BDBE9F /* Models in Frameworks */,
				335FDEDC2F18BAFF006B1906 /* PersistencesService in Frameworks */,
				3394D2C32EAC74C700A46A16 /* CommonFoundation in Frameworks */,
				339637502EA4F89B00640DBF /* ComposableArchitecture in Frameworks */,
				339DA1592EB684610013B0E2 /* HealthKitService in Frameworks */,
			);
			runOnlyForDeploymentPostprocessing = 0;
		};
/* End PBXFrameworksBuildPhase section */

/* Begin PBXGroup section */
		3344D6002E81CD5B00982E36 = {
			isa = PBXGroup;
			children = (
				33C0F19E2F00000000000C01 /* Secrets.xcconfig */,
				335FDEDA2F18BA4A006B1906 /* PersistencesService */,
				33A0F11E2F00000000000001 /* AuthService */,
				33SEC0RE2F00000000000001 /* SecureStorage */,
				331CB0752EBBC93600BE3F63 /* WeatherKitService */,
				33B0581A2EB9FF3B00C68BFF /* DependencyProxy */,
				339DA1572EB684340013B0E2 /* HealthKitService */,
				334AFAF02EB4A9F700BDBE9F /* Models */,
				3394D2472EAC74A300A46A16 /* CommonFoundation */,
				3394D2C12EAC74C700A46A16 /* Frameworks */,
				3344D60A2E81CD5B00982E36 /* Products */,
				3367BB422E9D05250027F8B1 /* RunDiary */,
				3317C6152EA774D900525269 /* RunDiaryTests */,
			);
			sourceTree = "<group>";
		};
		3344D60A2E81CD5B00982E36 /* Products */ = {
			isa = PBXGroup;
			children = (
				3344D6092E81CD5B00982E36 /* RunDiary.app */,
				3317C6142EA774D900525269 /* RunDiaryTests.xctest */,
			);
			name = Products;
			sourceTree = "<group>";
		};
		3394D2C12EAC74C700A46A16 /* Frameworks */ = {
			isa = PBXGroup;
			children = (
			);
			name = Frameworks;
			sourceTree = "<group>";
		};
/* End PBXGroup section */

/* Begin PBXNativeTarget section */
		3317C6132EA774D900525269 /* RunDiaryTests */ = {
			isa = PBXNativeTarget;
			buildConfigurationList = 3317C61A2EA774D900525269 /* Build configuration list for PBXNativeTarget "RunDiaryTests" */;
			buildPhases = (
				3317C6102EA774D900525269 /* Sources */,
				3317C6112EA774D900525269 /* Frameworks */,
				3317C6122EA774D900525269 /* Resources */,
			);
			buildRules = (
			);
			dependencies = (
				3317C6192EA774D900525269 /* PBXTargetDependency */,
			);
			fileSystemSynchronizedGroups = (
				3317C6152EA774D900525269 /* RunDiaryTests */,
			);
			name = RunDiaryTests;
			packageProductDependencies = (
				33SNAP002F00000000000002 /* SnapshotTesting */,
			);
			productName = RunDiaryTests;
			productReference = 3317C6142EA774D900525269 /* RunDiaryTests.xctest */;
			productType = "com.apple.product-type.bundle.unit-test";
		};
		3344D6082E81CD5B00982E36 /* RunDiary */ = {
			isa = PBXNativeTarget;
			buildConfigurationList = 3344D6142E81CD5C00982E36 /* Build configuration list for PBXNativeTarget "RunDiary" */;
			buildPhases = (
				3344D6052E81CD5B00982E36 /* Sources */,
				3344D6062E81CD5B00982E36 /* Frameworks */,
				3344D6072E81CD5B00982E36 /* Resources */,
			);
			buildRules = (
			);
			dependencies = (
			);
			fileSystemSynchronizedGroups = (
				3367BB422E9D05250027F8B1 /* RunDiary */,
			);
			name = RunDiary;
			packageProductDependencies = (
				33TCA0022EA1600000000002 /* ComposableArchitecture */,
				3394D2C22EAC74C700A46A16 /* CommonFoundation */,
				334AFAF12EB4AA0000BDBE9F /* Models */,
				339DA1582EB684610013B0E2 /* HealthKitService */,
				33FF0E1C2EBA05AA00BCD17A /* DependencyProxy */,
				331CB0762EBBCAE300BE3F63 /* WeatherKitService */,
				335FDEDB2F18BAFF006B1906 /* PersistencesService */,
				33A0F11E2F00000000000003 /* AuthService */,
				33SEC0RE2F00000000000003 /* SecureStorage */,
			);
			productName = RunDiary;
			productReference = 3344D6092E81CD5B00982E36 /* RunDiary.app */;
			productType = "com.apple.product-type.application";
		};
/* End PBXNativeTarget section */

/* Begin PBXProject section */
		3344D6012E81CD5B00982E36 /* Project object */ = {
			isa = PBXProject;
			attributes = {
				BuildIndependentTargetsInParallel = 1;
				LastSwiftUpdateCheck = 2600;
				LastUpgradeCheck = 2600;
				TargetAttributes = {
					3317C6132EA774D900525269 = {
						CreatedOnToolsVersion = 26.0.1;
						TestTargetID = 3344D6082E81CD5B00982E36;
					};
					3344D6082E81CD5B00982E36 = {
						CreatedOnToolsVersion = 26.0;
					};
				};
			};
			buildConfigurationList = 3344D6042E81CD5B00982E36 /* Build configuration list for PBXProject "RunDiary" */;
			developmentRegion = ko;
			hasScannedForEncodings = 0;
			knownRegions = (
				en,
				Base,
				ko,
				ja,
			);
			mainGroup = 3344D6002E81CD5B00982E36;
			minimizedProjectReferenceProxies = 1;
			packageReferences = (
				33TCA0032EA1600000000003 /* XCRemoteSwiftPackageReference "swift-composable-architecture" */,
				33SNAP003F00000000000003 /* XCRemoteSwiftPackageReference "swift-snapshot-testing" */,
			);
			preferredProjectObjectVersion = 77;
			productRefGroup = 3344D60A2E81CD5B00982E36 /* Products */;
			projectDirPath = "";
			projectRoot = "";
			targets = (
				3344D6082E81CD5B00982E36 /* RunDiary */,
				3317C6132EA774D900525269 /* RunDiaryTests */,
			);
		};
/* End PBXProject section */

/* Begin PBXResourcesBuildPhase section */
		3317C6122EA774D900525269 /* Resources */ = {
			isa = PBXResourcesBuildPhase;
			buildActionMask = 2147483647;
			files = (
			);
			runOnlyForDeploymentPostprocessing = 0;
		};
		3344D6072E81CD5B00982E36 /* Resources */ = {
			isa = PBXResourcesBuildPhase;
			buildActionMask = 2147483647;
			files = (
			);
			runOnlyForDeploymentPostprocessing = 0;
		};
/* End PBXResourcesBuildPhase section */

/* Begin PBXSourcesBuildPhase section */
		3317C6102EA774D900525269 /* Sources */ = {
			isa = PBXSourcesBuildPhase;
			buildActionMask = 2147483647;
			files = (
			);
			runOnlyForDeploymentPostprocessing = 0;
		};
		3344D6052E81CD5B00982E36 /* Sources */ = {
			isa = PBXSourcesBuildPhase;
			buildActionMask = 2147483647;
			files = (
			);
			runOnlyForDeploymentPostprocessing = 0;
		};
/* End PBXSourcesBuildPhase section */

/* Begin PBXTargetDependency section */
		3317C6192EA774D900525269 /* PBXTargetDependency */ = {
			isa = PBXTargetDependency;
			target = 3344D6082E81CD5B00982E36 /* RunDiary */;
			targetProxy = 3317C6182EA774D900525269 /* PBXContainerItemProxy */;
		};
/* End PBXTargetDependency section */

/* Begin XCBuildConfiguration section */
		3317C61B2EA774D900525269 /* Debug */ = {
			isa = XCBuildConfiguration;
			buildSettings = {
				BUNDLE_LOADER = "$(TEST_HOST)";
				CODE_SIGN_IDENTITY = "Apple Development";
				CODE_SIGN_STYLE = Automatic;
				CURRENT_PROJECT_VERSION = 1;
				DEVELOPMENT_TEAM = DH9CS7PA5D;
				GENERATE_INFOPLIST_FILE = YES;
				IPHONEOS_DEPLOYMENT_TARGET = 18.0;
				MARKETING_VERSION = 1.0;
				PRODUCT_BUNDLE_IDENTIFIER = com.kimhyeji.RunDiaryTests;
				PRODUCT_NAME = "$(TARGET_NAME)";
				PROVISIONING_PROFILE_SPECIFIER = "";
				STRING_CATALOG_GENERATE_SYMBOLS = NO;
				SWIFT_APPROACHABLE_CONCURRENCY = YES;
				SWIFT_EMIT_LOC_STRINGS = NO;
				SWIFT_UPCOMING_FEATURE_MEMBER_IMPORT_VISIBILITY = YES;
				SWIFT_VERSION = 5.0;
				TARGETED_DEVICE_FAMILY = "1,2";
				TEST_HOST = "$(BUILT_PRODUCTS_DIR)/RunDiary.app/$(BUNDLE_EXECUTABLE_FOLDER_PATH)/RunDiary";
			};
			name = Debug;
		};
		3317C61C2EA774D900525269 /* Release */ = {
			isa = XCBuildConfiguration;
			buildSettings = {
				BUNDLE_LOADER = "$(TEST_HOST)";
				CODE_SIGN_IDENTITY = "Apple Development";
				CODE_SIGN_STYLE = Automatic;
				CURRENT_PROJECT_VERSION = 1;
				DEVELOPMENT_TEAM = DH9CS7PA5D;
				GENERATE_INFOPLIST_FILE = YES;
				IPHONEOS_DEPLOYMENT_TARGET = 18.0;
				MARKETING_VERSION = 1.0;
				PRODUCT_BUNDLE_IDENTIFIER = com.kimhyeji.RunDiaryTests;
				PRODUCT_NAME = "$(TARGET_NAME)";
				PROVISIONING_PROFILE_SPECIFIER = "";
				STRING_CATALOG_GENERATE_SYMBOLS = NO;
				SWIFT_APPROACHABLE_CONCURRENCY = YES;
				SWIFT_EMIT_LOC_STRINGS = NO;
				SWIFT_UPCOMING_FEATURE_MEMBER_IMPORT_VISIBILITY = YES;
				SWIFT_VERSION = 5.0;
				TARGETED_DEVICE_FAMILY = "1,2";
				TEST_HOST = "$(BUILT_PRODUCTS_DIR)/RunDiary.app/$(BUNDLE_EXECUTABLE_FOLDER_PATH)/RunDiary";
			};
			name = Release;
		};
		3344D6122E81CD5C00982E36 /* Debug */ = {
			isa = XCBuildConfiguration;
			buildSettings = {
				ALWAYS_SEARCH_USER_PATHS = NO;
				ASSETCATALOG_COMPILER_GENERATE_SWIFT_ASSET_SYMBOL_EXTENSIONS = YES;
				CLANG_ANALYZER_NONNULL = YES;
				CLANG_ANALYZER_NUMBER_OBJECT_CONVERSION = YES_AGGRESSIVE;
				CLANG_CXX_LANGUAGE_STANDARD = "gnu++20";
				CLANG_ENABLE_MODULES = YES;
				CLANG_ENABLE_OBJC_ARC = YES;
				CLANG_ENABLE_OBJC_WEAK = YES;
				CLANG_WARN_BLOCK_CAPTURE_AUTORELEASING = YES;
				CLANG_WARN_BOOL_CONVERSION = YES;
				CLANG_WARN_COMMA = YES;
				CLANG_WARN_CONSTANT_CONVERSION = YES;
				CLANG_WARN_DEPRECATED_OBJC_IMPLEMENTATIONS = YES;
				CLANG_WARN_DIRECT_OBJC_ISA_USAGE = YES_ERROR;
				CLANG_WARN_DOCUMENTATION_COMMENTS = YES;
				CLANG_WARN_EMPTY_BODY = YES;
				CLANG_WARN_ENUM_CONVERSION = YES;
				CLANG_WARN_INFINITE_RECURSION = YES;
				CLANG_WARN_INT_CONVERSION = YES;
				CLANG_WARN_NON_LITERAL_NULL_CONVERSION = YES;
				CLANG_WARN_OBJC_IMPLICIT_RETAIN_SELF = YES;
				CLANG_WARN_OBJC_LITERAL_CONVERSION = YES;
				CLANG_WARN_OBJC_ROOT_CLASS = YES_ERROR;
				CLANG_WARN_QUOTED_INCLUDE_IN_FRAMEWORK_HEADER = YES;
				CLANG_WARN_RANGE_LOOP_ANALYSIS = YES;
				CLANG_WARN_STRICT_PROTOTYPES = YES;
				CLANG_WARN_SUSPICIOUS_MOVE = YES;
				CLANG_WARN_UNGUARDED_AVAILABILITY = YES_AGGRESSIVE;
				CLANG_WARN_UNREACHABLE_CODE = YES;
				CLANG_WARN__DUPLICATE_METHOD_MATCH = YES;
				COPY_PHASE_STRIP = NO;
				DEBUG_INFORMATION_FORMAT = dwarf;
				DEVELOPMENT_TEAM = DH9CS7PA5D;
				ENABLE_STRICT_OBJC_MSGSEND = YES;
				ENABLE_TESTABILITY = YES;
				ENABLE_USER_SCRIPT_SANDBOXING = NO;
				GCC_C_LANGUAGE_STANDARD = gnu17;
				GCC_DYNAMIC_NO_PIC = NO;
				GCC_NO_COMMON_BLOCKS = YES;
				GCC_OPTIMIZATION_LEVEL = 0;
				GCC_PREPROCESSOR_DEFINITIONS = (
					"DEBUG=1",
					"$(inherited)",
				);
				GCC_WARN_64_TO_32_BIT_CONVERSION = YES;
				GCC_WARN_ABOUT_RETURN_TYPE = YES_ERROR;
				GCC_WARN_UNDECLARED_SELECTOR = YES;
				GCC_WARN_UNINITIALIZED_AUTOS = YES_AGGRESSIVE;
				GCC_WARN_UNUSED_FUNCTION = YES;
				GCC_WARN_UNUSED_VARIABLE = YES;
				IPHONEOS_DEPLOYMENT_TARGET = 26.0;
				LOCALIZATION_PREFERS_STRING_CATALOGS = YES;
				MTL_ENABLE_DEBUG_INFO = INCLUDE_SOURCE;
				MTL_FAST_MATH = YES;
				ONLY_ACTIVE_ARCH = YES;
				SDKROOT = iphoneos;
				SWIFT_ACTIVE_COMPILATION_CONDITIONS = "DEBUG $(inherited)";
				SWIFT_EMIT_LOC_STRINGS = YES;
				SWIFT_OPTIMIZATION_LEVEL = "-Onone";
			};
			name = Debug;
		};
		3344D6132E81CD5C00982E36 /* Release */ = {
			isa = XCBuildConfiguration;
			buildSettings = {
				ALWAYS_SEARCH_USER_PATHS = NO;
				ASSETCATALOG_COMPILER_GENERATE_SWIFT_ASSET_SYMBOL_EXTENSIONS = YES;
				CLANG_ANALYZER_NONNULL = YES;
				CLANG_ANALYZER_NUMBER_OBJECT_CONVERSION = YES_AGGRESSIVE;
				CLANG_CXX_LANGUAGE_STANDARD = "gnu++20";
				CLANG_ENABLE_MODULES = YES;
				CLANG_ENABLE_OBJC_ARC = YES;
				CLANG_ENABLE_OBJC_WEAK = YES;
				CLANG_WARN_BLOCK_CAPTURE_AUTORELEASING = YES;
				CLANG_WARN_BOOL_CONVERSION = YES;
				CLANG_WARN_COMMA = YES;
				CLANG_WARN_CONSTANT_CONVERSION = YES;
				CLANG_WARN_DEPRECATED_OBJC_IMPLEMENTATIONS = YES;
				CLANG_WARN_DIRECT_OBJC_ISA_USAGE = YES_ERROR;
				CLANG_WARN_DOCUMENTATION_COMMENTS = YES;
				CLANG_WARN_EMPTY_BODY = YES;
				CLANG_WARN_ENUM_CONVERSION = YES;
				CLANG_WARN_INFINITE_RECURSION = YES;
				CLANG_WARN_INT_CONVERSION = YES;
				CLANG_WARN_NON_LITERAL_NULL_CONVERSION = YES;
				CLANG_WARN_OBJC_IMPLICIT_RETAIN_SELF = YES;
				CLANG_WARN_OBJC_LITERAL_CONVERSION = YES;
				CLANG_WARN_OBJC_ROOT_CLASS = YES_ERROR;
				CLANG_WARN_QUOTED_INCLUDE_IN_FRAMEWORK_HEADER = YES;
				CLANG_WARN_RANGE_LOOP_ANALYSIS = YES;
				CLANG_WARN_STRICT_PROTOTYPES = YES;
				CLANG_WARN_SUSPICIOUS_MOVE = YES;
				CLANG_WARN_UNGUARDED_AVAILABILITY = YES_AGGRESSIVE;
				CLANG_WARN_UNREACHABLE_CODE = YES;
				CLANG_WARN__DUPLICATE_METHOD_MATCH = YES;
				COPY_PHASE_STRIP = NO;
				DEBUG_INFORMATION_FORMAT = "dwarf-with-dsym";
				DEVELOPMENT_TEAM = DH9CS7PA5D;
				ENABLE_NS_ASSERTIONS = NO;
				ENABLE_STRICT_OBJC_MSGSEND = YES;
				ENABLE_USER_SCRIPT_SANDBOXING = NO;
				GCC_C_LANGUAGE_STANDARD = gnu17;
				GCC_NO_COMMON_BLOCKS = YES;
				GCC_WARN_64_TO_32_BIT_CONVERSION = YES;
				GCC_WARN_ABOUT_RETURN_TYPE = YES_ERROR;
				GCC_WARN_UNDECLARED_SELECTOR = YES;
				GCC_WARN_UNINITIALIZED_AUTOS = YES_AGGRESSIVE;
				GCC_WARN_UNUSED_FUNCTION = YES;
				GCC_WARN_UNUSED_VARIABLE = YES;
				IPHONEOS_DEPLOYMENT_TARGET = 26.0;
				LOCALIZATION_PREFERS_STRING_CATALOGS = YES;
				MTL_ENABLE_DEBUG_INFO = NO;
				MTL_FAST_MATH = YES;
				SDKROOT = iphoneos;
				SWIFT_COMPILATION_MODE = wholemodule;
				SWIFT_EMIT_LOC_STRINGS = YES;
				VALIDATE_PRODUCT = YES;
			};
			name = Release;
		};
		3344D6152E81CD5C00982E36 /* Debug */ = {
			isa = XCBuildConfiguration;
			baseConfigurationReference = 33C0F19E2F00000000000C01 /* Secrets.xcconfig */;
			buildSettings = {
				API_BASE_URL = "$(API_BASE_URL_DEBUG)";
				ASSETCATALOG_COMPILER_APPICON_NAME = AppIcon;
				ASSETCATALOG_COMPILER_GLOBAL_ACCENT_COLOR_NAME = AccentColor;
				CODE_SIGN_ENTITLEMENTS = RunDiary/Sources/SupportingFiles/RunDiary.entitlements;
				"CODE_SIGN_IDENTITY[sdk=iphoneos*]" = "iPhone Developer";
				CODE_SIGN_STYLE = Manual;
				CURRENT_PROJECT_VERSION = 1;
				DEVELOPMENT_TEAM = "";
				"DEVELOPMENT_TEAM[sdk=iphoneos*]" = DH9CS7PA5D;
				ENABLE_PREVIEWS = YES;
				GENERATE_INFOPLIST_FILE = NO;
				INFOPLIST_FILE = RunDiary/Sources/SupportingFiles/Info.plist;
				INFOPLIST_KEY_CFBundleDisplayName = "달림일기";
				INFOPLIST_KEY_UIApplicationSceneManifest_Generation = YES;
				INFOPLIST_KEY_UIApplicationSupportsIndirectInputEvents = YES;
				INFOPLIST_KEY_UILaunchScreen_Generation = YES;
				INFOPLIST_KEY_UISupportedInterfaceOrientations_iPad = "UIInterfaceOrientationPortrait UIInterfaceOrientationPortraitUpsideDown UIInterfaceOrientationLandscapeLeft UIInterfaceOrientationLandscapeRight";
				INFOPLIST_KEY_UISupportedInterfaceOrientations_iPhone = "UIInterfaceOrientationPortrait UIInterfaceOrientationLandscapeLeft UIInterfaceOrientationLandscapeRight";
				IPHONEOS_DEPLOYMENT_TARGET = 18.0;
				LD_RUNPATH_SEARCH_PATHS = (
					"$(inherited)",
					"@executable_path/Frameworks",
				);
				MARKETING_VERSION = 1.1.0;
				PRODUCT_BUNDLE_IDENTIFIER = com.kimhyeji.RunDiary;
				PRODUCT_NAME = "$(TARGET_NAME)";
				PROVISIONING_PROFILE_SPECIFIER = "";
				"PROVISIONING_PROFILE_SPECIFIER[sdk=iphoneos*]" = "match Development com.kimhyeji.RunDiary";
				STRING_CATALOG_GENERATE_SYMBOLS = YES;
				SUPPORTED_PLATFORMS = "iphoneos iphonesimulator";
				SUPPORTS_MACCATALYST = NO;
				SUPPORTS_XR_DESIGNED_FOR_IPHONE_IPAD = NO;
				SWIFT_APPROACHABLE_CONCURRENCY = YES;
				SWIFT_DEFAULT_ACTOR_ISOLATION = MainActor;
				SWIFT_EMIT_LOC_STRINGS = YES;
				SWIFT_UPCOMING_FEATURE_MEMBER_IMPORT_VISIBILITY = YES;
				SWIFT_VERSION = 5.0;
				TARGETED_DEVICE_FAMILY = 1;
			};
			name = Debug;
		};
		3344D6162E81CD5C00982E36 /* Release */ = {
			isa = XCBuildConfiguration;
			baseConfigurationReference = 33C0F19E2F00000000000C01 /* Secrets.xcconfig */;
			buildSettings = {
				API_BASE_URL = "$(API_BASE_URL_RELEASE)";
				ASSETCATALOG_COMPILER_APPICON_NAME = AppIcon;
				ASSETCATALOG_COMPILER_GLOBAL_ACCENT_COLOR_NAME = AccentColor;
				CODE_SIGN_ENTITLEMENTS = RunDiary/Sources/SupportingFiles/RunDiary.entitlements;
				"CODE_SIGN_IDENTITY[sdk=iphoneos*]" = "iPhone Distribution";
				CODE_SIGN_STYLE = Manual;
				CURRENT_PROJECT_VERSION = 1;
				DEVELOPMENT_TEAM = "";
				"DEVELOPMENT_TEAM[sdk=iphoneos*]" = DH9CS7PA5D;
				ENABLE_PREVIEWS = YES;
				GENERATE_INFOPLIST_FILE = NO;
				INFOPLIST_FILE = RunDiary/Sources/SupportingFiles/Info.plist;
				INFOPLIST_KEY_CFBundleDisplayName = "달림일기";
				INFOPLIST_KEY_UIApplicationSceneManifest_Generation = YES;
				INFOPLIST_KEY_UIApplicationSupportsIndirectInputEvents = YES;
				INFOPLIST_KEY_UILaunchScreen_Generation = YES;
				INFOPLIST_KEY_UISupportedInterfaceOrientations_iPad = "UIInterfaceOrientationPortrait UIInterfaceOrientationPortraitUpsideDown UIInterfaceOrientationLandscapeLeft UIInterfaceOrientationLandscapeRight";
				INFOPLIST_KEY_UISupportedInterfaceOrientations_iPhone = "UIInterfaceOrientationPortrait UIInterfaceOrientationLandscapeLeft UIInterfaceOrientationLandscapeRight";
				IPHONEOS_DEPLOYMENT_TARGET = 18.0;
				LD_RUNPATH_SEARCH_PATHS = (
					"$(inherited)",
					"@executable_path/Frameworks",
				);
				MARKETING_VERSION = 1.1.0;
				PRODUCT_BUNDLE_IDENTIFIER = com.kimhyeji.RunDiary;
				PRODUCT_NAME = "$(TARGET_NAME)";
				PROVISIONING_PROFILE_SPECIFIER = "";
				"PROVISIONING_PROFILE_SPECIFIER[sdk=iphoneos*]" = "match AppStore com.kimhyeji.RunDiary";
				STRING_CATALOG_GENERATE_SYMBOLS = YES;
				SUPPORTED_PLATFORMS = "iphoneos iphonesimulator";
				SUPPORTS_MACCATALYST = NO;
				SUPPORTS_XR_DESIGNED_FOR_IPHONE_IPAD = NO;
				SWIFT_APPROACHABLE_CONCURRENCY = YES;
				SWIFT_DEFAULT_ACTOR_ISOLATION = MainActor;
				SWIFT_EMIT_LOC_STRINGS = YES;
				SWIFT_UPCOMING_FEATURE_MEMBER_IMPORT_VISIBILITY = YES;
				SWIFT_VERSION = 5.0;
				TARGETED_DEVICE_FAMILY = 1;
			};
			name = Release;
		};
/* End XCBuildConfiguration section */

/* Begin XCConfigurationList section */
		3317C61A2EA774D900525269 /* Build configuration list for PBXNativeTarget "RunDiaryTests" */ = {
			isa = XCConfigurationList;
			buildConfigurations = (
				3317C61B2EA774D900525269 /* Debug */,
				3317C61C2EA774D900525269 /* Release */,
			);
			defaultConfigurationIsVisible = 0;
			defaultConfigurationName = Release;
		};
		3344D6042E81CD5B00982E36 /* Build configuration list for PBXProject "RunDiary" */ = {
			isa = XCConfigurationList;
			buildConfigurations = (
				3344D6122E81CD5C00982E36 /* Debug */,
				3344D6132E81CD5C00982E36 /* Release */,
			);
			defaultConfigurationIsVisible = 0;
			defaultConfigurationName = Release;
		};
		3344D6142E81CD5C00982E36 /* Build configuration list for PBXNativeTarget "RunDiary" */ = {
			isa = XCConfigurationList;
			buildConfigurations = (
				3344D6152E81CD5C00982E36 /* Debug */,
				3344D6162E81CD5C00982E36 /* Release */,
			);
			defaultConfigurationIsVisible = 0;
			defaultConfigurationName = Release;
		};
/* End XCConfigurationList section */

/* Begin XCRemoteSwiftPackageReference section */
		33SNAP003F00000000000003 /* XCRemoteSwiftPackageReference "swift-snapshot-testing" */ = {
			isa = XCRemoteSwiftPackageReference;
			repositoryURL = "https://github.com/pointfreeco/swift-snapshot-testing";
			requirement = {
				kind = upToNextMajorVersion;
				minimumVersion = 1.17.0;
			};
		};
		33TCA0032EA1600000000003 /* XCRemoteSwiftPackageReference "swift-composable-architecture" */ = {
			isa = XCRemoteSwiftPackageReference;
			repositoryURL = "https://github.com/pointfreeco/swift-composable-architecture";
			requirement = {
				kind = upToNextMajorVersion;
				minimumVersion = 1.26.0;
			};
		};
/* End XCRemoteSwiftPackageReference section */

/* Begin XCSwiftPackageProductDependency section */
		331CB0762EBBCAE300BE3F63 /* WeatherKitService */ = {
			isa = XCSwiftPackageProductDependency;
			productName = WeatherKitService;
		};
		334AFAF12EB4AA0000BDBE9F /* Models */ = {
			isa = XCSwiftPackageProductDependency;
			productName = Models;
		};
		335FDEDB2F18BAFF006B1906 /* PersistencesService */ = {
			isa = XCSwiftPackageProductDependency;
			productName = PersistencesService;
		};
		3394D2C22EAC74C700A46A16 /* CommonFoundation */ = {
			isa = XCSwiftPackageProductDependency;
			productName = CommonFoundation;
		};
		339DA1582EB684610013B0E2 /* HealthKitService */ = {
			isa = XCSwiftPackageProductDependency;
			productName = HealthKitService;
		};
		33A0F11E2F00000000000003 /* AuthService */ = {
			isa = XCSwiftPackageProductDependency;
			productName = AuthService;
		};
		33FF0E1C2EBA05AA00BCD17A /* DependencyProxy */ = {
			isa = XCSwiftPackageProductDependency;
			productName = DependencyProxy;
		};
		33SEC0RE2F00000000000003 /* SecureStorage */ = {
			isa = XCSwiftPackageProductDependency;
			productName = SecureStorage;
		};
		33SNAP002F00000000000002 /* SnapshotTesting */ = {
			isa = XCSwiftPackageProductDependency;
			package = 33SNAP003F00000000000003 /* XCRemoteSwiftPackageReference "swift-snapshot-testing" */;
			productName = SnapshotTesting;
		};
		33TCA0022EA1600000000002 /* ComposableArchitecture */ = {
			isa = XCSwiftPackageProductDependency;
			package = 33TCA0032EA1600000000003 /* XCRemoteSwiftPackageReference "swift-composable-architecture" */;
			productName = ComposableArchitecture;
		};
/* End XCSwiftPackageProductDependency section */
	};
	rootObject = 3344D6012E81CD5B00982E36 /* Project object */;
}
